
Microsoft Visual Studio Solution File, Format Version 12.00
# Visual Studio Version 16
VisualStudioVersion = 16.0.32126.315
MinimumVisualStudioVersion = 10.0.40219.1
Project("{9A19103F-16F7-4668-BE54-9A1E7A4F7556}") = "Demo-Convertions", "Demo-Convertions\Demo-Convertions.csproj", "{EBA988CA-DF16-4347-B8D0-267C9C5D5AF5}"
EndProject
Project("{9A19103F-16F7-4668-BE54-9A1E7A4F7556}") = "Demo-Comparaison", "Demo-Comparaison\Demo-Comparaison.csproj", "{F2016EA4-CFF1-4A55-B624-1892AFFD32CD}"
EndProject
Project("{9A19103F-16F7-4668-BE54-9A1E7A4F7556}") = "Demo-SwitchCase", "Demo-SwitchCase\Demo-SwitchCase.csproj", "{B2B11DC3-5C14-4D2E-95BA-CDB097DB308A}"
EndProject
Project("{9A19103F-16F7-4668-BE54-9A1E7A4F7556}") = "Demo-Operateurs", "Demo-Operateurs\Demo-Operateurs.csproj", "{3FCC829B-978B-4711-A5C7-B4E2CCBA14A0}"
EndProject
Project("{9A19103F-16F7-4668-BE54-9A1E7A4F7556}") = "Demo-Boucle", "Demo-Boucle\Demo-Boucle.csproj", "{47D4DB0B-FC0E-4E2E-B2F8-D5A6738C2E31}"
EndProject
Project("{9A19103F-16F7-4668-BE54-9A1E7A4F7556}") = "Demo-Tableaux", "Demo-Tableaux\Demo-Tableaux.csproj", "{11802C79-7DDD-4F0D-8C68-080004C457DC}"
EndProject
Project("{FAE04EC0-301F-11D3-BF4B-00C04F79EFBC}") = "Demo-ReadKey", "Demo-ReadKey\Demo-ReadKey.csproj", "{E4CC5CC5-BEB7-4C25-952A-F8441F4F7D8B}"
EndProject
Project("{FAE04EC0-301F-11D3-BF4B-00C04F79EFBC}") = "Demo-Structure", "Demo-Structure\Demo-Structure.csproj", "{E3065F51-F394-408C-9585-4EFFA59D7634}"
EndProject
Global
	GlobalSection(SolutionConfigurationPlatforms) = preSolution
		Debug|Any CPU = Debug|Any CPU
		Release|Any CPU = Release|Any CPU
	EndGlobalSection
	GlobalSection(ProjectConfigurationPlatforms) = postSolution
		{EBA988CA-DF16-4347-B8D0-267C9C5D5AF5}.Debug|Any CPU.ActiveCfg = Debug|Any CPU
		{EBA988CA-DF16-4347-B8D0-267C9C5D5AF5}.Debug|Any CPU.Build.0 = Debug|Any CPU
		{EBA988CA-DF16-4347-B8D0-267C9C5D5AF5}.Release|Any CPU.ActiveCfg = Release|Any CPU
		{EBA988CA-DF16-4347-B8D0-267C9C5D5AF5}.Release|Any CPU.Build.0 = Release|Any CPU
		{F2016EA4-CFF1-4A55-B624-1892AFFD32CD}.Debug|Any CPU.ActiveCfg = Debug|Any CPU
		{F2016EA4-CFF1-4A55-B624-1892AFFD32CD}.Debug|Any CPU.Build.0 = Debug|Any CPU
		{F2016EA4-CFF1-4A55-B624-1892AFFD32CD}.Release|Any CPU.ActiveCfg = Release|Any CPU
		{F2016EA4-CFF1-4A55-B624-1892AFFD32CD}.Release|Any CPU.Build.0 = Release|Any CPU
		{B2B11DC3-5C14-4D2E-95BA-CDB097DB308A}.Debug|Any CPU.ActiveCfg = Debug|Any CPU
		{B2B11DC3-5C14-4D2E-95BA-CDB097DB308A}.Debug|Any CPU.Build.0 = Debug|Any CPU
		{B2B11DC3-5C14-4D2E-95BA-CDB097DB308A}.Release|Any CPU.ActiveCfg = Release|Any CPU
		{B2B11DC3-5C14-4D2E-95BA-CDB097DB308A}.Release|Any CPU.Build.0 = Release|Any CPU
		{3FCC829B-978B-4711-A5C7-B4E2CCBA14A0}.Debug|Any CPU.ActiveCfg = Debug|Any CPU
		{3FCC829B-978B-4711-A5C7-B4E2CCBA14A0}.Debug|Any CPU.Build.0 = Debug|Any CPU
		{3FCC829B-978B-4711-A5C7-B4E2CCBA14A0}.Release|Any CPU.ActiveCfg = Release|Any CPU
		{3FCC829B-978B-4711-A5C7-B4E2CCBA14A0}.Release|Any CPU.Build.0 = Release|Any CPU
		{47D4DB0B-FC0E-4E2E-B2F8-D5A6738C2E31}.Debug|Any CPU.ActiveCfg = Debug|Any CPU
		{47D4DB0B-FC0E-4E2E-B2F8-D5A6738C2E31}.Debug|Any CPU.Build.0 = Debug|Any CPU
		{47D4DB0B-FC0E-4E2E-B2F8-D5A6738C2E31}.Release|Any CPU.ActiveCfg = Release|Any CPU
		{47D4DB0B-FC0E-4E2E-B2F8-D5A6738C2E31}.Release|Any CPU.Build.0 = Release|Any CPU
		{11802C79-7DDD-4F0D-8C68-080004C457DC}.Debug|Any CPU.ActiveCfg = Debug|Any CPU
		{11802C79-7DDD-4F0D-8C68-080004C457DC}.Debug|Any CPU.Build.0 = Debug|Any CPU
		{11802C79-7DDD-4F0D-8C68-080004C457DC}.Release|Any CPU.ActiveCfg = Release|Any CPU
		{11802C79-7DDD-4F0D-8C68-080004C457DC}.Release|Any CPU.Build.0 = Release|Any CPU
		{E4CC5CC5-BEB7-4C25-952A-F8441F4F7D8B}.Debug|Any CPU.ActiveCfg = Debug|Any CPU
		{E4CC5CC5-BEB7-4C25-952A-F8441F4F7D8B}.Debug|Any CPU.Build.0 = Debug|Any CPU
		{E4CC5CC5-BEB7-4C25-952A-F8441F4F7D8B}.Release|Any CPU.ActiveCfg = Release|Any CPU
		{E4CC5CC5-BEB7-4C25-952A-F8441F4F7D8B}.Release|Any CPU.Build.0 = Release|Any CPU
		{E3065F51-F394-408C-9585-4EFFA59D7634}.Debug|Any CPU.ActiveCfg = Debug|Any CPU
		{E3065F51-F394-408C-9585-4EFFA59D7634}.Debug|Any CPU.Build.0 = Debug|Any CPU
		{E3065F51-F394-408C-9585-4EFFA59D7634}.Release|Any CPU.ActiveCfg = Release|Any CPU
		{E3065F51-F394-408C-9585-4EFFA59D7634}.Release|Any CPU.Build.0 = Release|Any CPU
	EndGlobalSection
	GlobalSection(SolutionProperties) = preSolution
		HideSolutionNode = FALSE
	EndGlobalSection
	GlobalSection(ExtensibilityGlobals) = postSolution
		SolutionGuid = {BBB18A9A-3E47-4B33-9A6A-A25DFCAE3211}
	EndGlobalSection
EndGlobal
