
Microsoft Visual Studio Solution File, Format Version 12.00
# Visual Studio Version 16
VisualStudioVersion = 16.0.32126.315
MinimumVisualStudioVersion = 10.0.40219.1
Project("{9A19103F-16F7-4668-BE54-9A1E7A4F7556}") = "Demo-Convertions", "Demo-Convertions\Demo-Convertions.csproj", "{EBA988CA-DF16-4347-B8D0-267C9C5D5AF5}"
EndProject
Project("{9A19103F-16F7-4668-BE54-9A1E7A4F7556}") = "Demo-Comparaison", "Demo-Comparaison\Demo-Comparaison.csproj", "{F2016EA4-CFF1-4A55-B624-1892AFFD32CD}"
EndProject
Project("{9A19103F-16F7-4668-BE54-9A1E7A4F7556}") = "Demo-SwitchCase", "Demo-SwitchCase\Demo-SwitchCase.csproj", "{B2B11DC3-5C14-4D2E-95BA-CDB097DB308A}"
EndProject
Project("{FAE04EC0-301F-11D3-BF4B-00C04F79EFBC}") = "Demo-Operateurs", "Demo-Operateurs\Demo-Operateurs.csproj", "{3FCC829B-978B-4711-A5C7-B4E2CCBA14A0}"
EndProject
Global
	GlobalSection(SolutionConfigurationPlatforms) = preSolution
		Debug|Any CPU = Debug|Any CPU
		Release|Any CPU = Release|Any CPU
	EndGlobalSection
	GlobalSection(ProjectConfigurationPlatforms) = postSolution
		{EBA988CA-DF16-4347-B8D0-267C9C5D5AF5}.Debug|Any CPU.ActiveCfg = Debug|Any CPU
		{EBA988CA-DF16-4347-B8D0-267C9C5D5AF5}.Debug|Any CPU.Build.0 = Debug|Any CPU
		{EBA988CA-DF16-4347-B8D0-267C9C5D5AF5}.Release|Any CPU.ActiveCfg = Release|Any CPU
		{EBA988CA-DF16-4347-B8D0-267C9C5D5AF5}.Release|Any CPU.Build.0 = Release|Any CPU
		{F2016EA4-CFF1-4A55-B624-1892AFFD32CD}.Debug|Any CPU.ActiveCfg = Debug|Any CPU
		{F2016EA4-CFF1-4A55-B624-1892AFFD32CD}.Debug|Any CPU.Build.0 = Debug|Any CPU
		{F2016EA4-CFF1-4A55-B624-1892AFFD32CD}.Release|Any CPU.ActiveCfg = Release|Any CPU
		{F2016EA4-CFF1-4A55-B624-1892AFFD32CD}.Release|Any CPU.Build.0 = Release|Any CPU
		{B2B11DC3-5C14-4D2E-95BA-CDB097DB308A}.Debug|Any CPU.ActiveCfg = Debug|Any CPU
		{B2B11DC3-5C14-4D2E-95BA-CDB097DB308A}.Debug|Any CPU.Build.0 = Debug|Any CPU
		{B2B11DC3-5C14-4D2E-95BA-CDB097DB308A}.Release|Any CPU.ActiveCfg = Release|Any CPU
		{B2B11DC3-5C14-4D2E-95BA-CDB097DB308A}.Release|Any CPU.Build.0 = Release|Any CPU
		{3FCC829B-978B-4711-A5C7-B4E2CCBA14A0}.Debug|Any CPU.ActiveCfg = Debug|Any CPU
		{3FCC829B-978B-4711-A5C7-B4E2CCBA14A0}.Debug|Any CPU.Build.0 = Debug|Any CPU
		{3FCC829B-978B-4711-A5C7-B4E2CCBA14A0}.Release|Any CPU.ActiveCfg = Release|Any CPU
		{3FCC829B-978B-4711-A5C7-B4E2CCBA14A0}.Release|Any CPU.Build.0 = Release|Any CPU
	EndGlobalSection
	GlobalSection(SolutionProperties) = preSolution
		HideSolutionNode = FALSE
	EndGlobalSection
	GlobalSection(ExtensibilityGlobals) = postSolution
		SolutionGuid = {BBB18A9A-3E47-4B33-9A6A-A25DFCAE3211}
	EndGlobalSection
EndGlobal
